
Microsoft Visual Studio Solution File, Format Version 12.00
Project("{FAE04EC0-301F-11D3-BF4B-00C04F79EFBC}") = "BusinessLogicLayer", "BusinessLogicLayer\BusinessLogicLayer.csproj", "{4579F648-338A-4DAE-B71B-18DE260A78AA}"
EndProject
Project("{FAE04EC0-301F-11D3-BF4B-00C04F79EFBC}") = "DatabaseLayer", "DatabaseLayer\DatabaseLayer.csproj", "{36071EAD-CAC2-4653-A8F5-3E80C6241E61}"
EndProject
Project("{FAE04EC0-301F-11D3-BF4B-00C04F79EFBC}") = "Startup", "Startup\Startup.csproj", "{C530D8C0-DF01-401C-9CA1-739CE9CF0056}"
EndProject
Global
	GlobalSection(SolutionConfigurationPlatforms) = preSolution
		Debug|Any CPU = Debug|Any CPU
		Release|Any CPU = Release|Any CPU
	EndGlobalSection
	GlobalSection(ProjectConfigurationPlatforms) = postSolution
		{4579F648-338A-4DAE-B71B-18DE260A78AA}.Debug|Any CPU.ActiveCfg = Debug|Any CPU
		{4579F648-338A-4DAE-B71B-18DE260A78AA}.Debug|Any CPU.Build.0 = Debug|Any CPU
		{4579F648-338A-4DAE-B71B-18DE260A78AA}.Release|Any CPU.ActiveCfg = Release|Any CPU
		{4579F648-338A-4DAE-B71B-18DE260A78AA}.Release|Any CPU.Build.0 = Release|Any CPU
		{36071EAD-CAC2-4653-A8F5-3E80C6241E61}.Debug|Any CPU.ActiveCfg = Debug|Any CPU
		{36071EAD-CAC2-4653-A8F5-3E80C6241E61}.Debug|Any CPU.Build.0 = Debug|Any CPU
		{36071EAD-CAC2-4653-A8F5-3E80C6241E61}.Release|Any CPU.ActiveCfg = Release|Any CPU
		{36071EAD-CAC2-4653-A8F5-3E80C6241E61}.Release|Any CPU.Build.0 = Release|Any CPU
		{C530D8C0-DF01-401C-9CA1-739CE9CF0056}.Debug|Any CPU.ActiveCfg = Debug|Any CPU
		{C530D8C0-DF01-401C-9CA1-739CE9CF0056}.Debug|Any CPU.Build.0 = Debug|Any CPU
		{C530D8C0-DF01-401C-9CA1-739CE9CF0056}.Release|Any CPU.ActiveCfg = Release|Any CPU
		{C530D8C0-DF01-401C-9CA1-739CE9CF0056}.Release|Any CPU.Build.0 = Release|Any CPU
	EndGlobalSection
	GlobalSection(NestedProjects) = preSolution
	EndGlobalSection
EndGlobal
