
Microsoft Visual Studio Solution File, Format Version 12.00
# Visual Studio Version 17
VisualStudioVersion = 17.5.33530.505
MinimumVisualStudioVersion = 10.0.40219.1
Project("{9A19103F-16F7-4668-BE54-9A1E7A4F7556}") = "BusinessLogicLayer", "BusinessLogicLayer\BusinessLogicLayer.csproj", "{4579F648-338A-4DAE-B71B-18DE260A78AA}"
EndProject
Project("{9A19103F-16F7-4668-BE54-9A1E7A4F7556}") = "DatabaseLayer", "DatabaseLayer\DatabaseLayer.csproj", "{36071EAD-CAC2-4653-A8F5-3E80C6241E61}"
EndProject
Project("{9A19103F-16F7-4668-BE54-9A1E7A4F7556}") = "Startup", "Startup\Startup.csproj", "{C530D8C0-DF01-401C-9CA1-739CE9CF0056}"
EndProject
Global
	GlobalSection(SolutionConfigurationPlatforms) = preSolution
		Debug|Any CPU = Debug|Any CPU
		Release|Any CPU = Release|Any CPU
	EndGlobalSection
	GlobalSection(ProjectConfigurationPlatforms) = postSolution
		{4579F648-338A-4DAE-B71B-18DE260A78AA}.Debug|Any CPU.ActiveCfg = Debug|Any CPU
		{4579F648-338A-4DAE-B71B-18DE260A78AA}.Debug|Any CPU.Build.0 = Debug|Any CPU
		{4579F648-338A-4DAE-B71B-18DE260A78AA}.Release|Any CPU.ActiveCfg = Release|Any CPU
		{4579F648-338A-4DAE-B71B-18DE260A78AA}.Release|Any CPU.Build.0 = Release|Any CPU
		{36071EAD-CAC2-4653-A8F5-3E80C6241E61}.Debug|Any CPU.ActiveCfg = Debug|Any CPU
		{36071EAD-CAC2-4653-A8F5-3E80C6241E61}.Debug|Any CPU.Build.0 = Debug|Any CPU
		{36071EAD-CAC2-4653-A8F5-3E80C6241E61}.Release|Any CPU.ActiveCfg = Release|Any CPU
		{36071EAD-CAC2-4653-A8F5-3E80C6241E61}.Release|Any CPU.Build.0 = Release|Any CPU
		{C530D8C0-DF01-401C-9CA1-739CE9CF0056}.Debug|Any CPU.ActiveCfg = Debug|Any CPU
		{C530D8C0-DF01-401C-9CA1-739CE9CF0056}.Debug|Any CPU.Build.0 = Debug|Any CPU
		{C530D8C0-DF01-401C-9CA1-739CE9CF0056}.Release|Any CPU.ActiveCfg = Release|Any CPU
		{C530D8C0-DF01-401C-9CA1-739CE9CF0056}.Release|Any CPU.Build.0 = Release|Any CPU
	EndGlobalSection
	GlobalSection(SolutionProperties) = preSolution
		HideSolutionNode = FALSE
	EndGlobalSection
	GlobalSection(ExtensibilityGlobals) = postSolution
		SolutionGuid = {4B644295-AAC3-4D22-B3CD-3BB8097D5BB6}
	EndGlobalSection
EndGlobal
